// !$*UTF8*$!
{
	archiveVersion = 1;
	classes = {
	};
	objectVersion = 46;
	objects = {

/* Begin PBXBuildFile section */
		9479845A18CFCF050024CADF /* Foundation.framework in Frameworks */ = {isa = PBXBuildFile; fileRef = 9479845918CFCF050024CADF /* Foundation.framework */; };
		9479845C18CFCF050024CADF /* CoreGraphics.framework in Frameworks */ = {isa = PBXBuildFile; fileRef = 9479845B18CFCF050024CADF /* CoreGraphics.framework */; };
		9479845E18CFCF050024CADF /* UIKit.framework in Frameworks */ = {isa = PBXBuildFile; fileRef = 9479845D18CFCF050024CADF /* UIKit.framework */; };
		9479846418CFCF050024CADF /* InfoPlist.strings in Resources */ = {isa = PBXBuildFile; fileRef = 9479846218CFCF050024CADF /* InfoPlist.strings */; };
		9479846618CFCF050024CADF /* main.m in Sources */ = {isa = PBXBuildFile; fileRef = 9479846518CFCF050024CADF /* main.m */; };
		9479846A18CFCF050024CADF /* AppDelegate.m in Sources */ = {isa = PBXBuildFile; fileRef = 9479846918CFCF050024CADF /* AppDelegate.m */; };
		9479846C18CFCF050024CADF /* Images.xcassets in Resources */ = {isa = PBXBuildFile; fileRef = 9479846B18CFCF050024CADF /* Images.xcassets */; };
		9479847318CFCF050024CADF /* XCTest.framework in Frameworks */ = {isa = PBXBuildFile; fileRef = 9479847218CFCF050024CADF /* XCTest.framework */; };
		9479847418CFCF050024CADF /* Foundation.framework in Frameworks */ = {isa = PBXBuildFile; fileRef = 9479845918CFCF050024CADF /* Foundation.framework */; };
		9479847518CFCF050024CADF /* UIKit.framework in Frameworks */ = {isa = PBXBuildFile; fileRef = 9479845D18CFCF050024CADF /* UIKit.framework */; };
		9479847D18CFCF050024CADF /* InfoPlist.strings in Resources */ = {isa = PBXBuildFile; fileRef = 9479847B18CFCF050024CADF /* InfoPlist.strings */; };
		9479847F18CFCF050024CADF /* Demo_3_11Tests.m in Sources */ = {isa = PBXBuildFile; fileRef = 9479847E18CFCF050024CADF /* Demo_3_11Tests.m */; };
		9479848B18CFD09D0024CADF /* MainViewController.m in Sources */ = {isa = PBXBuildFile; fileRef = 9479848918CFD09D0024CADF /* MainViewController.m */; };
		9479848C18CFD09D0024CADF /* MainViewController.xib in Resources */ = {isa = PBXBuildFile; fileRef = 9479848A18CFD09D0024CADF /* MainViewController.xib */; };
/* End PBXBuildFile section */

/* Begin PBXContainerItemProxy section */
		9479847618CFCF050024CADF /* PBXContainerItemProxy */ = {
			isa = PBXContainerItemProxy;
			containerPortal = 9479844E18CFCF050024CADF /* Project object */;
			proxyType = 1;
			remoteGlobalIDString = 9479845518CFCF050024CADF;
			remoteInfo = "Demo-3-11";
		};
/* End PBXContainerItemProxy section */

/* Begin PBXFileReference section */
		9479845618CFCF050024CADF /* Demo-3-11.app */ = {isa = PBXFileReference; explicitFileType = wrapper.application; includeInIndex = 0; path = "Demo-3-11.app"; sourceTree = BUILT_PRODUCTS_DIR; };
		9479845918CFCF050024CADF /* Foundation.framework */ = {isa = PBXFileReference; lastKnownFileType = wrapper.framework; name = Foundation.framework; path = System/Library/Frameworks/Foundation.framework; sourceTree = SDKROOT; };
		9479845B18CFCF050024CADF /* CoreGraphics.framework */ = {isa = PBXFileReference; lastKnownFileType = wrapper.framework; name = CoreGraphics.framework; path = System/Library/Frameworks/CoreGraphics.framework; sourceTree = SDKROOT; };
		9479845D18CFCF050024CADF /* UIKit.framework */ = {isa = PBXFileReference; lastKnownFileType = wrapper.framework; name = UIKit.framework; path = System/Library/Frameworks/UIKit.framework; sourceTree = SDKROOT; };
		9479846118CFCF050024CADF /* Demo-3-11-Info.plist */ = {isa = PBXFileReference; lastKnownFileType = text.plist.xml; path = "Demo-3-11-Info.plist"; sourceTree = "<group>"; };
		9479846318CFCF050024CADF /* en */ = {isa = PBXFileReference; lastKnownFileType = text.plist.strings; name = en; path = en.lproj/InfoPlist.strings; sourceTree = "<group>"; };
		9479846518CFCF050024CADF /* main.m */ = {isa = PBXFileReference; lastKnownFileType = sourcecode.c.objc; path = main.m; sourceTree = "<group>"; };
		9479846718CFCF050024CADF /* Demo-3-11-Prefix.pch */ = {isa = PBXFileReference; lastKnownFileType = sourcecode.c.h; path = "Demo-3-11-Prefix.pch"; sourceTree = "<group>"; };
		9479846818CFCF050024CADF /* AppDelegate.h */ = {isa = PBXFileReference; lastKnownFileType = sourcecode.c.h; path = AppDelegate.h; sourceTree = "<group>"; };
		9479846918CFCF050024CADF /* AppDelegate.m */ = {isa = PBXFileReference; lastKnownFileType = sourcecode.c.objc; path = AppDelegate.m; sourceTree = "<group>"; };
		9479846B18CFCF050024CADF /* Images.xcassets */ = {isa = PBXFileReference; lastKnownFileType = folder.assetcatalog; path = Images.xcassets; sourceTree = "<group>"; };
		9479847118CFCF050024CADF /* Demo-3-11Tests.xctest */ = {isa = PBXFileReference; explicitFileType = wrapper.cfbundle; includeInIndex = 0; path = "Demo-3-11Tests.xctest"; sourceTree = BUILT_PRODUCTS_DIR; };
		9479847218CFCF050024CADF /* XCTest.framework */ = {isa = PBXFileReference; lastKnownFileType = wrapper.framework; name = XCTest.framework; path = Library/Frameworks/XCTest.framework; sourceTree = DEVELOPER_DIR; };
		9479847A18CFCF050024CADF /* Demo-3-11Tests-Info.plist */ = {isa = PBXFileReference; lastKnownFileType = text.plist.xml; path = "Demo-3-11Tests-Info.plist"; sourceTree = "<group>"; };
		9479847C18CFCF050024CADF /* en */ = {isa = PBXFileReference; lastKnownFileType = text.plist.strings; name = en; path = en.lproj/InfoPlist.strings; sourceTree = "<group>"; };
		9479847E18CFCF050024CADF /* Demo_3_11Tests.m */ = {isa = PBXFileReference; lastKnownFileType = sourcecode.c.objc; path = Demo_3_11Tests.m; sourceTree = "<group>"; };
		9479848818CFD09D0024CADF /* MainViewController.h */ = {isa = PBXFileReference; fileEncoding = 4; lastKnownFileType = sourcecode.c.h; path = MainViewController.h; sourceTree = "<group>"; };
		9479848918CFD09D0024CADF /* MainViewController.m */ = {isa = PBXFileReference; fileEncoding = 4; lastKnownFileType = sourcecode.c.objc; path = MainViewController.m; sourceTree = "<group>"; };
		9479848A18CFD09D0024CADF /* MainViewController.xib */ = {isa = PBXFileReference; fileEncoding = 4; lastKnownFileType = file.xib; path = MainViewController.xib; sourceTree = "<group>"; };
/* End PBXFileReference section */

/* Begin PBXFrameworksBuildPhase section */
		9479845318CFCF050024CADF /* Frameworks */ = {
			isa = PBXFrameworksBuildPhase;
			buildActionMask = 2147483647;
			files = (
				9479845C18CFCF050024CADF /* CoreGraphics.framework in Frameworks */,
				9479845E18CFCF050024CADF /* UIKit.framework in Frameworks */,
				9479845A18CFCF050024CADF /* Foundation.framework in Frameworks */,
			);
			runOnlyForDeploymentPostprocessing = 0;
		};
		9479846E18CFCF050024CADF /* Frameworks */ = {
			isa = PBXFrameworksBuildPhase;
			buildActionMask = 2147483647;
			files = (
				9479847318CFCF050024CADF /* XCTest.framework in Frameworks */,
				9479847518CFCF050024CADF /* UIKit.framework in Frameworks */,
				9479847418CFCF050024CADF /* Foundation.framework in Frameworks */,
			);
			runOnlyForDeploymentPostprocessing = 0;
		};
/* End PBXFrameworksBuildPhase section */

/* Begin PBXGroup section */
		9479844D18CFCF050024CADF = {
			isa = PBXGroup;
			children = (
				9479845F18CFCF050024CADF /* Demo-3-11 */,
				9479847818CFCF050024CADF /* Demo-3-11Tests */,
				9479845818CFCF050024CADF /* Frameworks */,
				9479845718CFCF050024CADF /* Products */,
			);
			sourceTree = "<group>";
		};
		9479845718CFCF050024CADF /* Products */ = {
			isa = PBXGroup;
			children = (
				9479845618CFCF050024CADF /* Demo-3-11.app */,
				9479847118CFCF050024CADF /* Demo-3-11Tests.xctest */,
			);
			name = Products;
			sourceTree = "<group>";
		};
		9479845818CFCF050024CADF /* Frameworks */ = {
			isa = PBXGroup;
			children = (
				9479845918CFCF050024CADF /* Foundation.framework */,
				9479845B18CFCF050024CADF /* CoreGraphics.framework */,
				9479845D18CFCF050024CADF /* UIKit.framework */,
				9479847218CFCF050024CADF /* XCTest.framework */,
			);
			name = Frameworks;
			sourceTree = "<group>";
		};
		9479845F18CFCF050024CADF /* Demo-3-11 */ = {
			isa = PBXGroup;
			children = (
				9479846818CFCF050024CADF /* AppDelegate.h */,
				9479846918CFCF050024CADF /* AppDelegate.m */,
				9479846B18CFCF050024CADF /* Images.xcassets */,
				9479846018CFCF050024CADF /* Supporting Files */,
				9479848818CFD09D0024CADF /* MainViewController.h */,
				9479848918CFD09D0024CADF /* MainViewController.m */,
				9479848A18CFD09D0024CADF /* MainViewController.xib */,
			);
			path = "Demo-3-11";
			sourceTree = "<group>";
		};
		9479846018CFCF050024CADF /* Supporting Files */ = {
			isa = PBXGroup;
			children = (
				9479846118CFCF050024CADF /* Demo-3-11-Info.plist */,
				9479846218CFCF050024CADF /* InfoPlist.strings */,
				9479846518CFCF050024CADF /* main.m */,
				9479846718CFCF050024CADF /* Demo-3-11-Prefix.pch */,
			);
			name = "Supporting Files";
			sourceTree = "<group>";
		};
		9479847818CFCF050024CADF /* Demo-3-11Tests */ = {
			isa = PBXGroup;
			children = (
				9479847E18CFCF050024CADF /* Demo_3_11Tests.m */,
				9479847918CFCF050024CADF /* Supporting Files */,
			);
			path = "Demo-3-11Tests";
			sourceTree = "<group>";
		};
		9479847918CFCF050024CADF /* Supporting Files */ = {
			isa = PBXGroup;
			children = (
				9479847A18CFCF050024CADF /* Demo-3-11Tests-Info.plist */,
				9479847B18CFCF050024CADF /* InfoPlist.strings */,
			);
			name = "Supporting Files";
			sourceTree = "<group>";
		};
/* End PBXGroup section */

/* Begin PBXNativeTarget section */
		9479845518CFCF050024CADF /* Demo-3-11 */ = {
			isa = PBXNativeTarget;
			buildConfigurationList = 9479848218CFCF050024CADF /* Build configuration list for PBXNativeTarget "Demo-3-11" */;
			buildPhases = (
				9479845218CFCF050024CADF /* Sources */,
				9479845318CFCF050024CADF /* Frameworks */,
				9479845418CFCF050024CADF /* Resources */,
			);
			buildRules = (
			);
			dependencies = (
			);
			name = "Demo-3-11";
			productName = "Demo-3-11";
			productReference = 9479845618CFCF050024CADF /* Demo-3-11.app */;
			productType = "com.apple.product-type.application";
		};
		9479847018CFCF050024CADF /* Demo-3-11Tests */ = {
			isa = PBXNativeTarget;
			buildConfigurationList = 9479848518CFCF050024CADF /* Build configuration list for PBXNativeTarget "Demo-3-11Tests" */;
			buildPhases = (
				9479846D18CFCF050024CADF /* Sources */,
				9479846E18CFCF050024CADF /* Frameworks */,
				9479846F18CFCF050024CADF /* Resources */,
			);
			buildRules = (
			);
			dependencies = (
				9479847718CFCF050024CADF /* PBXTargetDependency */,
			);
			name = "Demo-3-11Tests";
			productName = "Demo-3-11Tests";
			productReference = 9479847118CFCF050024CADF /* Demo-3-11Tests.xctest */;
			productType = "com.apple.product-type.bundle.unit-test";
		};
/* End PBXNativeTarget section */

/* Begin PBXProject section */
		9479844E18CFCF050024CADF /* Project object */ = {
			isa = PBXProject;
			attributes = {
				LastUpgradeCheck = 0500;
				ORGANIZATIONNAME = "Vanessa Grass";
				TargetAttributes = {
					9479847018CFCF050024CADF = {
						TestTargetID = 9479845518CFCF050024CADF;
					};
				};
			};
			buildConfigurationList = 9479845118CFCF050024CADF /* Build configuration list for PBXProject "Demo-3-11" */;
			compatibilityVersion = "Xcode 3.2";
			developmentRegion = English;
			hasScannedForEncodings = 0;
			knownRegions = (
				en,
			);
			mainGroup = 9479844D18CFCF050024CADF;
			productRefGroup = 9479845718CFCF050024CADF /* Products */;
			projectDirPath = "";
			projectRoot = "";
			targets = (
				9479845518CFCF050024CADF /* Demo-3-11 */,
				9479847018CFCF050024CADF /* Demo-3-11Tests */,
			);
		};
/* End PBXProject section */

/* Begin PBXResourcesBuildPhase section */
		9479845418CFCF050024CADF /* Resources */ = {
			isa = PBXResourcesBuildPhase;
			buildActionMask = 2147483647;
			files = (
				9479846418CFCF050024CADF /* InfoPlist.strings in Resources */,
				9479848C18CFD09D0024CADF /* MainViewController.xib in Resources */,
				9479846C18CFCF050024CADF /* Images.xcassets in Resources */,
			);
			runOnlyForDeploymentPostprocessing = 0;
		};
		9479846F18CFCF050024CADF /* Resources */ = {
			isa = PBXResourcesBuildPhase;
			buildActionMask = 2147483647;
			files = (
				9479847D18CFCF050024CADF /* InfoPlist.strings in Resources */,
			);
			runOnlyForDeploymentPostprocessing = 0;
		};
/* End PBXResourcesBuildPhase section */

/* Begin PBXSourcesBuildPhase section */
		9479845218CFCF050024CADF /* Sources */ = {
			isa = PBXSourcesBuildPhase;
			buildActionMask = 2147483647;
			files = (
				9479846A18CFCF050024CADF /* AppDelegate.m in Sources */,
				9479848B18CFD09D0024CADF /* MainViewController.m in Sources */,
				9479846618CFCF050024CADF /* main.m in Sources */,
			);
			runOnlyForDeploymentPostprocessing = 0;
		};
		9479846D18CFCF050024CADF /* Sources */ = {
			isa = PBXSourcesBuildPhase;
			buildActionMask = 2147483647;
			files = (
				9479847F18CFCF050024CADF /* Demo_3_11Tests.m in Sources */,
			);
			runOnlyForDeploymentPostprocessing = 0;
		};
/* End PBXSourcesBuildPhase section */

/* Begin PBXTargetDependency section */
		9479847718CFCF050024CADF /* PBXTargetDependency */ = {
			isa = PBXTargetDependency;
			target = 9479845518CFCF050024CADF /* Demo-3-11 */;
			targetProxy = 9479847618CFCF050024CADF /* PBXContainerItemProxy */;
		};
/* End PBXTargetDependency section */

/* Begin PBXVariantGroup section */
		9479846218CFCF050024CADF /* InfoPlist.strings */ = {
			isa = PBXVariantGroup;
			children = (
				9479846318CFCF050024CADF /* en */,
			);
			name = InfoPlist.strings;
			sourceTree = "<group>";
		};
		9479847B18CFCF050024CADF /* InfoPlist.strings */ = {
			isa = PBXVariantGroup;
			children = (
				9479847C18CFCF050024CADF /* en */,
			);
			name = InfoPlist.strings;
			sourceTree = "<group>";
		};
/* End PBXVariantGroup section */

/* Begin XCBuildConfiguration section */
		9479848018CFCF050024CADF /* Debug */ = {
			isa = XCBuildConfiguration;
			buildSettings = {
				ALWAYS_SEARCH_USER_PATHS = NO;
				ARCHS = "$(ARCHS_STANDARD_INCLUDING_64_BIT)";
				CLANG_CXX_LANGUAGE_STANDARD = "gnu++0x";
				CLANG_CXX_LIBRARY = "libc++";
				CLANG_ENABLE_MODULES = YES;
				CLANG_ENABLE_OBJC_ARC = YES;
				CLANG_WARN_BOOL_CONVERSION = YES;
				CLANG_WARN_CONSTANT_CONVERSION = YES;
				CLANG_WARN_DIRECT_OBJC_ISA_USAGE = YES_ERROR;
				CLANG_WARN_EMPTY_BODY = YES;
				CLANG_WARN_ENUM_CONVERSION = YES;
				CLANG_WARN_INT_CONVERSION = YES;
				CLANG_WARN_OBJC_ROOT_CLASS = YES_ERROR;
				CLANG_WARN__DUPLICATE_METHOD_MATCH = YES;
				"CODE_SIGN_IDENTITY[sdk=iphoneos*]" = "iPhone Developer";
				COPY_PHASE_STRIP = NO;
				GCC_C_LANGUAGE_STANDARD = gnu99;
				GCC_DYNAMIC_NO_PIC = NO;
				GCC_OPTIMIZATION_LEVEL = 0;
				GCC_PREPROCESSOR_DEFINITIONS = (
					"DEBUG=1",
					"$(inherited)",
				);
				GCC_SYMBOLS_PRIVATE_EXTERN = NO;
				GCC_WARN_64_TO_32_BIT_CONVERSION = YES;
				GCC_WARN_ABOUT_RETURN_TYPE = YES_ERROR;
				GCC_WARN_UNDECLARED_SELECTOR = YES;
				GCC_WARN_UNINITIALIZED_AUTOS = YES;
				GCC_WARN_UNUSED_FUNCTION = YES;
				GCC_WARN_UNUSED_VARIABLE = YES;
				IPHONEOS_DEPLOYMENT_TARGET = 7.0;
				ONLY_ACTIVE_ARCH = YES;
				SDKROOT = iphoneos;
				TARGETED_DEVICE_FAMILY = "1,2";
			};
			name = Debug;
		};
		9479848118CFCF050024CADF /* Release */ = {
			isa = XCBuildConfiguration;
			buildSettings = {
				ALWAYS_SEARCH_USER_PATHS = NO;
				ARCHS = "$(ARCHS_STANDARD_INCLUDING_64_BIT)";
				CLANG_CXX_LANGUAGE_STANDARD = "gnu++0x";
				CLANG_CXX_LIBRARY = "libc++";
				CLANG_ENABLE_MODULES = YES;
				CLANG_ENABLE_OBJC_ARC = YES;
				CLANG_WARN_BOOL_CONVERSION = YES;
				CLANG_WARN_CONSTANT_CONVERSION = YES;
				CLANG_WARN_DIRECT_OBJC_ISA_USAGE = YES_ERROR;
				CLANG_WARN_EMPTY_BODY = YES;
				CLANG_WARN_ENUM_CONVERSION = YES;
				CLANG_WARN_INT_CONVERSION = YES;
				CLANG_WARN_OBJC_ROOT_CLASS = YES_ERROR;
				CLANG_WARN__DUPLICATE_METHOD_MATCH = YES;
				"CODE_SIGN_IDENTITY[sdk=iphoneos*]" = "iPhone Developer";
				COPY_PHASE_STRIP = YES;
				ENABLE_NS_ASSERTIONS = NO;
				GCC_C_LANGUAGE_STANDARD = gnu99;
				GCC_WARN_64_TO_32_BIT_CONVERSION = YES;
				GCC_WARN_ABOUT_RETURN_TYPE = YES_ERROR;
				GCC_WARN_UNDECLARED_SELECTOR = YES;
				GCC_WARN_UNINITIALIZED_AUTOS = YES;
				GCC_WARN_UNUSED_FUNCTION = YES;
				GCC_WARN_UNUSED_VARIABLE = YES;
				IPHONEOS_DEPLOYMENT_TARGET = 7.0;
				SDKROOT = iphoneos;
				TARGETED_DEVICE_FAMILY = "1,2";
				VALIDATE_PRODUCT = YES;
			};
			name = Release;
		};
		9479848318CFCF050024CADF /* Debug */ = {
			isa = XCBuildConfiguration;
			buildSettings = {
				ASSETCATALOG_COMPILER_APPICON_NAME = AppIcon;
				ASSETCATALOG_COMPILER_LAUNCHIMAGE_NAME = LaunchImage;
				GCC_PRECOMPILE_PREFIX_HEADER = YES;
				GCC_PREFIX_HEADER = "Demo-3-11/Demo-3-11-Prefix.pch";
				INFOPLIST_FILE = "Demo-3-11/Demo-3-11-Info.plist";
				PRODUCT_NAME = "$(TARGET_NAME)";
				WRAPPER_EXTENSION = app;
			};
			name = Debug;
		};
		9479848418CFCF050024CADF /* Release */ = {
			isa = XCBuildConfiguration;
			buildSettings = {
				ASSETCATALOG_COMPILER_APPICON_NAME = AppIcon;
				ASSETCATALOG_COMPILER_LAUNCHIMAGE_NAME = LaunchImage;
				GCC_PRECOMPILE_PREFIX_HEADER = YES;
				GCC_PREFIX_HEADER = "Demo-3-11/Demo-3-11-Prefix.pch";
				INFOPLIST_FILE = "Demo-3-11/Demo-3-11-Info.plist";
				PRODUCT_NAME = "$(TARGET_NAME)";
				WRAPPER_EXTENSION = app;
			};
			name = Release;
		};
		9479848618CFCF050024CADF /* Debug */ = {
			isa = XCBuildConfiguration;
			buildSettings = {
				ARCHS = "$(ARCHS_STANDARD_INCLUDING_64_BIT)";
				BUNDLE_LOADER = "$(BUILT_PRODUCTS_DIR)/Demo-3-11.app/Demo-3-11";
				FRAMEWORK_SEARCH_PATHS = (
					"$(SDKROOT)/Developer/Library/Frameworks",
					"$(inherited)",
					"$(DEVELOPER_FRAMEWORKS_DIR)",
				);
				GCC_PRECOMPILE_PREFIX_HEADER = YES;
				GCC_PREFIX_HEADER = "Demo-3-11/Demo-3-11-Prefix.pch";
				GCC_PREPROCESSOR_DEFINITIONS = (
					"DEBUG=1",
					"$(inherited)",
				);
				INFOPLIST_FILE = "Demo-3-11Tests/Demo-3-11Tests-Info.plist";
				PRODUCT_NAME = "$(TARGET_NAME)";
				TEST_HOST = "$(BUNDLE_LOADER)";
				WRAPPER_EXTENSION = xctest;
			};
			name = Debug;
		};
		9479848718CFCF050024CADF /* Release */ = {
			isa = XCBuildConfiguration;
			buildSettings = {
				ARCHS = "$(ARCHS_STANDARD_INCLUDING_64_BIT)";
				BUNDLE_LOADER = "$(BUILT_PRODUCTS_DIR)/Demo-3-11.app/Demo-3-11";
				FRAMEWORK_SEARCH_PATHS = (
					"$(SDKROOT)/Developer/Library/Frameworks",
					"$(inherited)",
					"$(DEVELOPER_FRAMEWORKS_DIR)",
				);
				GCC_PRECOMPILE_PREFIX_HEADER = YES;
				GCC_PREFIX_HEADER = "Demo-3-11/Demo-3-11-Prefix.pch";
				INFOPLIST_FILE = "Demo-3-11Tests/Demo-3-11Tests-Info.plist";
				PRODUCT_NAME = "$(TARGET_NAME)";
				TEST_HOST = "$(BUNDLE_LOADER)";
				WRAPPER_EXTENSION = xctest;
			};
			name = Release;
		};
/* End XCBuildConfiguration section */

/* Begin XCConfigurationList section */
		9479845118CFCF050024CADF /* Build configuration list for PBXProject "Demo-3-11" */ = {
			isa = XCConfigurationList;
			buildConfigurations = (
				9479848018CFCF050024CADF /* Debug */,
				9479848118CFCF050024CADF /* Release */,
			);
			defaultConfigurationIsVisible = 0;
			defaultConfigurationName = Release;
		};
		9479848218CFCF050024CADF /* Build configuration list for PBXNativeTarget "Demo-3-11" */ = {
			isa = XCConfigurationList;
			buildConfigurations = (
				9479848318CFCF050024CADF /* Debug */,
				9479848418CFCF050024CADF /* Release */,
			);
			defaultConfigurationIsVisible = 0;
		};
		9479848518CFCF050024CADF /* Build configuration list for PBXNativeTarget "Demo-3-11Tests" */ = {
			isa = XCConfigurationList;
			buildConfigurations = (
				9479848618CFCF050024CADF /* Debug */,
				9479848718CFCF050024CADF /* Release */,
			);
			defaultConfigurationIsVisible = 0;
		};
/* End XCConfigurationList section */
	};
	rootObject = 9479844E18CFCF050024CADF /* Project object */;
}
